--- 
dependencies: 
  thor: 
    group: 
    - :default
    version: ">= 0"
  rspec: 
    group: 
    - :test
    version: ">= 0"
  sinatra: 
    group: 
    - :default
    version: ">= 0"
  jeweler: 
    group: 
    - :development
    version: ">= 0"
  activesupport: 
    group: 
    - :default
    version: ">= 0"
specs: 
- activesupport: 
    version: 2.3.8
- json_pure: 
    version: 1.4.3
- gemcutter: 
    version: 0.5.0
- git: 
    version: 1.2.5
- rubyforge: 
    version: 2.0.4
- jeweler: 
    version: 1.4.0
- rack: 
    version: 1.2.1
- rspec: 
    version: 1.3.0
- sinatra: 
    version: "1.0"
- thor: 
    version: 0.13.7
hash: 17f409790dfc3ab7e279201874a3aab85e4c7c95
sources: 
- Rubygems: 
    uri: http://gemcutter.org
