--- 
dependencies: 
  ruby-debug: 
    group: 
    - :test
    version: ">= 0"
  thor: 
    group: 
    - :default
    version: ">= 0"
  rspec: 
    group: 
    - :test
    version: ">= 0"
  sinatra: 
    group: 
    - :default
    version: ">= 0"
  jeweler: 
    group: 
    - :development
    version: ">= 0"
  activesupport: 
    group: 
    - :default
    version: ">= 0"
specs: 
- activesupport: 
    version: 2.3.8
- columnize: 
    version: 0.3.1
- json_pure: 
    version: 1.4.3
- gemcutter: 
    version: 0.5.0
- git: 
    version: 1.2.5
- rubyforge: 
    version: 2.0.4
- jeweler: 
    version: 1.4.0
- linecache: 
    version: "0.43"
- rack: 
    version: 1.2.1
- rspec: 
    version: 1.3.0
- ruby-debug-base: 
    version: 0.10.3
- ruby-debug: 
    version: 0.10.3
- sinatra: 
    version: "1.0"
- thor: 
    version: 0.13.8
hash: 18ee2e0d3e9a46cd1d8e8c39951ba9414860f401
sources: 
- Rubygems: 
    uri: http://gemcutter.org
